// !$*UTF8*$!
{
	archiveVersion = 1;
	classes = {
	};
	objectVersion = 56;
	objects = {

/* Begin PBXBuildFile section */
		4CE2ECE62C49CC5700D0B97D /* PetPlatterApp.swift in Sources */ = {isa = PBXBuildFile; fileRef = 4CE2ECE52C49CC5700D0B97D /* PetPlatterApp.swift */; };
		4CE2ECE82C49CC5700D0B97D /* ContentView.swift in Sources */ = {isa = PBXBuildFile; fileRef = 4CE2ECE72C49CC5700D0B97D /* ContentView.swift */; };
		4CE2ECEA2C49CC5A00D0B97D /* Assets.xcassets in Resources */ = {isa = PBXBuildFile; fileRef = 4CE2ECE92C49CC5A00D0B97D /* Assets.xcassets */; };
		4CE2ECED2C49CC5A00D0B97D /* Preview Assets.xcassets in Resources */ = {isa = PBXBuildFile; fileRef = 4CE2ECEC2C49CC5A00D0B97D /* Preview Assets.xcassets */; };
		4CE2ECF82C49CC5A00D0B97D /* PetPlatterTests.swift in Sources */ = {isa = PBXBuildFile; fileRef = 4CE2ECF72C49CC5A00D0B97D /* PetPlatterTests.swift */; };
		4CE2ED022C49CC5A00D0B97D /* PetPlatterUITests.swift in Sources */ = {isa = PBXBuildFile; fileRef = 4CE2ED012C49CC5A00D0B97D /* PetPlatterUITests.swift */; };
		4CE2ED042C49CC5A00D0B97D /* PetPlatterUITestsLaunchTests.swift in Sources */ = {isa = PBXBuildFile; fileRef = 4CE2ED032C49CC5A00D0B97D /* PetPlatterUITestsLaunchTests.swift */; };
		4CE2ED122C4DE16300D0B97D /* Starscream in Frameworks */ = {isa = PBXBuildFile; productRef = 4CE2ED112C4DE16300D0B97D /* Starscream */; };
		4CE2ED142C4DE2A900D0B97D /* WebSocketManager.swift in Sources */ = {isa = PBXBuildFile; fileRef = 4CE2ED132C4DE2A900D0B97D /* WebSocketManager.swift */; };
/* End PBXBuildFile section */

/* Begin PBXContainerItemProxy section */
		4CE2ECF42C49CC5A00D0B97D /* PBXContainerItemProxy */ = {
			isa = PBXContainerItemProxy;
			containerPortal = 4CE2ECDA2C49CC5700D0B97D /* Project object */;
			proxyType = 1;
			remoteGlobalIDString = 4CE2ECE12C49CC5700D0B97D;
			remoteInfo = PetPlatter;
		};
		4CE2ECFE2C49CC5A00D0B97D /* PBXContainerItemProxy */ = {
			isa = PBXContainerItemProxy;
			containerPortal = 4CE2ECDA2C49CC5700D0B97D /* Project object */;
			proxyType = 1;
			remoteGlobalIDString = 4CE2ECE12C49CC5700D0B97D;
			remoteInfo = PetPlatter;
		};
/* End PBXContainerItemProxy section */

/* Begin PBXFileReference section */
		4CE2ECE22C49CC5700D0B97D /* PetPlatter.app */ = {isa = PBXFileReference; explicitFileType = wrapper.application; includeInIndex = 0; path = PetPlatter.app; sourceTree = BUILT_PRODUCTS_DIR; };
		4CE2ECE52C49CC5700D0B97D /* PetPlatterApp.swift */ = {isa = PBXFileReference; lastKnownFileType = sourcecode.swift; path = PetPlatterApp.swift; sourceTree = "<group>"; };
		4CE2ECE72C49CC5700D0B97D /* ContentView.swift */ = {isa = PBXFileReference; lastKnownFileType = sourcecode.swift; path = ContentView.swift; sourceTree = "<group>"; };
		4CE2ECE92C49CC5A00D0B97D /* Assets.xcassets */ = {isa = PBXFileReference; lastKnownFileType = folder.assetcatalog; path = Assets.xcassets; sourceTree = "<group>"; };
		4CE2ECEC2C49CC5A00D0B97D /* Preview Assets.xcassets */ = {isa = PBXFileReference; lastKnownFileType = folder.assetcatalog; path = "Preview Assets.xcassets"; sourceTree = "<group>"; };
		4CE2ECEE2C49CC5A00D0B97D /* PetPlatter.entitlements */ = {isa = PBXFileReference; lastKnownFileType = text.plist.entitlements; path = PetPlatter.entitlements; sourceTree = "<group>"; };
		4CE2ECF32C49CC5A00D0B97D /* PetPlatterTests.xctest */ = {isa = PBXFileReference; explicitFileType = wrapper.cfbundle; includeInIndex = 0; path = PetPlatterTests.xctest; sourceTree = BUILT_PRODUCTS_DIR; };
		4CE2ECF72C49CC5A00D0B97D /* PetPlatterTests.swift */ = {isa = PBXFileReference; lastKnownFileType = sourcecode.swift; path = PetPlatterTests.swift; sourceTree = "<group>"; };
		4CE2ECFD2C49CC5A00D0B97D /* PetPlatterUITests.xctest */ = {isa = PBXFileReference; explicitFileType = wrapper.cfbundle; includeInIndex = 0; path = PetPlatterUITests.xctest; sourceTree = BUILT_PRODUCTS_DIR; };
		4CE2ED012C49CC5A00D0B97D /* PetPlatterUITests.swift */ = {isa = PBXFileReference; lastKnownFileType = sourcecode.swift; path = PetPlatterUITests.swift; sourceTree = "<group>"; };
		4CE2ED032C49CC5A00D0B97D /* PetPlatterUITestsLaunchTests.swift */ = {isa = PBXFileReference; lastKnownFileType = sourcecode.swift; path = PetPlatterUITestsLaunchTests.swift; sourceTree = "<group>"; };
		4CE2ED132C4DE2A900D0B97D /* WebSocketManager.swift */ = {isa = PBXFileReference; lastKnownFileType = sourcecode.swift; path = WebSocketManager.swift; sourceTree = "<group>"; };
/* End PBXFileReference section */

/* Begin PBXFrameworksBuildPhase section */
		4CE2ECDF2C49CC5700D0B97D /* Frameworks */ = {
			isa = PBXFrameworksBuildPhase;
			buildActionMask = 2147483647;
			files = (
				4CE2ED122C4DE16300D0B97D /* Starscream in Frameworks */,
			);
			runOnlyForDeploymentPostprocessing = 0;
		};
		4CE2ECF02C49CC5A00D0B97D /* Frameworks */ = {
			isa = PBXFrameworksBuildPhase;
			buildActionMask = 2147483647;
			files = (
			);
			runOnlyForDeploymentPostprocessing = 0;
		};
		4CE2ECFA2C49CC5A00D0B97D /* Frameworks */ = {
			isa = PBXFrameworksBuildPhase;
			buildActionMask = 2147483647;
			files = (
			);
			runOnlyForDeploymentPostprocessing = 0;
		};
/* End PBXFrameworksBuildPhase section */

/* Begin PBXGroup section */
		4CE2ECD92C49CC5700D0B97D = {
			isa = PBXGroup;
			children = (
				4CE2ECE42C49CC5700D0B97D /* PetPlatter */,
				4CE2ECF62C49CC5A00D0B97D /* PetPlatterTests */,
				4CE2ED002C49CC5A00D0B97D /* PetPlatterUITests */,
				4CE2ECE32C49CC5700D0B97D /* Products */,
			);
			sourceTree = "<group>";
		};
		4CE2ECE32C49CC5700D0B97D /* Products */ = {
			isa = PBXGroup;
			children = (
				4CE2ECE22C49CC5700D0B97D /* PetPlatter.app */,
				4CE2ECF32C49CC5A00D0B97D /* PetPlatterTests.xctest */,
				4CE2ECFD2C49CC5A00D0B97D /* PetPlatterUITests.xctest */,
			);
			name = Products;
			sourceTree = "<group>";
		};
		4CE2ECE42C49CC5700D0B97D /* PetPlatter */ = {
			isa = PBXGroup;
			children = (
				4CE2ED132C4DE2A900D0B97D /* WebSocketManager.swift */,
				4CE2ECE52C49CC5700D0B97D /* PetPlatterApp.swift */,
				4CE2ECE72C49CC5700D0B97D /* ContentView.swift */,
				4CE2ECE92C49CC5A00D0B97D /* Assets.xcassets */,
				4CE2ECEE2C49CC5A00D0B97D /* PetPlatter.entitlements */,
				4CE2ECEB2C49CC5A00D0B97D /* Preview Content */,
			);
			path = PetPlatter;
			sourceTree = "<group>";
		};
		4CE2ECEB2C49CC5A00D0B97D /* Preview Content */ = {
			isa = PBXGroup;
			children = (
				4CE2ECEC2C49CC5A00D0B97D /* Preview Assets.xcassets */,
			);
			path = "Preview Content";
			sourceTree = "<group>";
		};
		4CE2ECF62C49CC5A00D0B97D /* PetPlatterTests */ = {
			isa = PBXGroup;
			children = (
				4CE2ECF72C49CC5A00D0B97D /* PetPlatterTests.swift */,
			);
			path = PetPlatterTests;
			sourceTree = "<group>";
		};
		4CE2ED002C49CC5A00D0B97D /* PetPlatterUITests */ = {
			isa = PBXGroup;
			children = (
				4CE2ED012C49CC5A00D0B97D /* PetPlatterUITests.swift */,
				4CE2ED032C49CC5A00D0B97D /* PetPlatterUITestsLaunchTests.swift */,
			);
			path = PetPlatterUITests;
			sourceTree = "<group>";
		};
/* End PBXGroup section */

/* Begin PBXNativeTarget section */
		4CE2ECE12C49CC5700D0B97D /* PetPlatter */ = {
			isa = PBXNativeTarget;
			buildConfigurationList = 4CE2ED072C49CC5A00D0B97D /* Build configuration list for PBXNativeTarget "PetPlatter" */;
			buildPhases = (
				4CE2ECDE2C49CC5700D0B97D /* Sources */,
				4CE2ECDF2C49CC5700D0B97D /* Frameworks */,
				4CE2ECE02C49CC5700D0B97D /* Resources */,
			);
			buildRules = (
			);
			dependencies = (
			);
			name = PetPlatter;
			packageProductDependencies = (
				4CE2ED112C4DE16300D0B97D /* Starscream */,
			);
			productName = PetPlatter;
			productReference = 4CE2ECE22C49CC5700D0B97D /* PetPlatter.app */;
			productType = "com.apple.product-type.application";
		};
		4CE2ECF22C49CC5A00D0B97D /* PetPlatterTests */ = {
			isa = PBXNativeTarget;
			buildConfigurationList = 4CE2ED0A2C49CC5A00D0B97D /* Build configuration list for PBXNativeTarget "PetPlatterTests" */;
			buildPhases = (
				4CE2ECEF2C49CC5A00D0B97D /* Sources */,
				4CE2ECF02C49CC5A00D0B97D /* Frameworks */,
				4CE2ECF12C49CC5A00D0B97D /* Resources */,
			);
			buildRules = (
			);
			dependencies = (
				4CE2ECF52C49CC5A00D0B97D /* PBXTargetDependency */,
			);
			name = PetPlatterTests;
			productName = PetPlatterTests;
			productReference = 4CE2ECF32C49CC5A00D0B97D /* PetPlatterTests.xctest */;
			productType = "com.apple.product-type.bundle.unit-test";
		};
		4CE2ECFC2C49CC5A00D0B97D /* PetPlatterUITests */ = {
			isa = PBXNativeTarget;
			buildConfigurationList = 4CE2ED0D2C49CC5A00D0B97D /* Build configuration list for PBXNativeTarget "PetPlatterUITests" */;
			buildPhases = (
				4CE2ECF92C49CC5A00D0B97D /* Sources */,
				4CE2ECFA2C49CC5A00D0B97D /* Frameworks */,
				4CE2ECFB2C49CC5A00D0B97D /* Resources */,
			);
			buildRules = (
			);
			dependencies = (
				4CE2ECFF2C49CC5A00D0B97D /* PBXTargetDependency */,
			);
			name = PetPlatterUITests;
			productName = PetPlatterUITests;
			productReference = 4CE2ECFD2C49CC5A00D0B97D /* PetPlatterUITests.xctest */;
			productType = "com.apple.product-type.bundle.ui-testing";
		};
/* End PBXNativeTarget section */

/* Begin PBXProject section */
		4CE2ECDA2C49CC5700D0B97D /* Project object */ = {
			isa = PBXProject;
			attributes = {
				BuildIndependentTargetsInParallel = 1;
				LastSwiftUpdateCheck = 1540;
				LastUpgradeCheck = 1540;
				TargetAttributes = {
					4CE2ECE12C49CC5700D0B97D = {
						CreatedOnToolsVersion = 15.4;
					};
					4CE2ECF22C49CC5A00D0B97D = {
						CreatedOnToolsVersion = 15.4;
						TestTargetID = 4CE2ECE12C49CC5700D0B97D;
					};
					4CE2ECFC2C49CC5A00D0B97D = {
						CreatedOnToolsVersion = 15.4;
						TestTargetID = 4CE2ECE12C49CC5700D0B97D;
					};
				};
			};
			buildConfigurationList = 4CE2ECDD2C49CC5700D0B97D /* Build configuration list for PBXProject "PetPlatter" */;
			compatibilityVersion = "Xcode 14.0";
			developmentRegion = en;
			hasScannedForEncodings = 0;
			knownRegions = (
				en,
				Base,
			);
			mainGroup = 4CE2ECD92C49CC5700D0B97D;
			packageReferences = (
				4CE2ED102C4DE16300D0B97D /* XCRemoteSwiftPackageReference "Starscream" */,
			);
			productRefGroup = 4CE2ECE32C49CC5700D0B97D /* Products */;
			projectDirPath = "";
			projectRoot = "";
			targets = (
				4CE2ECE12C49CC5700D0B97D /* PetPlatter */,
				4CE2ECF22C49CC5A00D0B97D /* PetPlatterTests */,
				4CE2ECFC2C49CC5A00D0B97D /* PetPlatterUITests */,
			);
		};
/* End PBXProject section */

/* Begin PBXResourcesBuildPhase section */
		4CE2ECE02C49CC5700D0B97D /* Resources */ = {
			isa = PBXResourcesBuildPhase;
			buildActionMask = 2147483647;
			files = (
				4CE2ECED2C49CC5A00D0B97D /* Preview Assets.xcassets in Resources */,
				4CE2ECEA2C49CC5A00D0B97D /* Assets.xcassets in Resources */,
			);
			runOnlyForDeploymentPostprocessing = 0;
		};
		4CE2ECF12C49CC5A00D0B97D /* Resources */ = {
			isa = PBXResourcesBuildPhase;
			buildActionMask = 2147483647;
			files = (
			);
			runOnlyForDeploymentPostprocessing = 0;
		};
		4CE2ECFB2C49CC5A00D0B97D /* Resources */ = {
			isa = PBXResourcesBuildPhase;
			buildActionMask = 2147483647;
			files = (
			);
			runOnlyForDeploymentPostprocessing = 0;
		};
/* End PBXResourcesBuildPhase section */

/* Begin PBXSourcesBuildPhase section */
		4CE2ECDE2C49CC5700D0B97D /* Sources */ = {
			isa = PBXSourcesBuildPhase;
			buildActionMask = 2147483647;
			files = (
				4CE2ECE82C49CC5700D0B97D /* ContentView.swift in Sources */,
				4CE2ED142C4DE2A900D0B97D /* WebSocketManager.swift in Sources */,
				4CE2ECE62C49CC5700D0B97D /* PetPlatterApp.swift in Sources */,
			);
			runOnlyForDeploymentPostprocessing = 0;
		};
		4CE2ECEF2C49CC5A00D0B97D /* Sources */ = {
			isa = PBXSourcesBuildPhase;
			buildActionMask = 2147483647;
			files = (
				4CE2ECF82C49CC5A00D0B97D /* PetPlatterTests.swift in Sources */,
			);
			runOnlyForDeploymentPostprocessing = 0;
		};
		4CE2ECF92C49CC5A00D0B97D /* Sources */ = {
			isa = PBXSourcesBuildPhase;
			buildActionMask = 2147483647;
			files = (
				4CE2ED022C49CC5A00D0B97D /* PetPlatterUITests.swift in Sources */,
				4CE2ED042C49CC5A00D0B97D /* PetPlatterUITestsLaunchTests.swift in Sources */,
			);
			runOnlyForDeploymentPostprocessing = 0;
		};
/* End PBXSourcesBuildPhase section */

/* Begin PBXTargetDependency section */
		4CE2ECF52C49CC5A00D0B97D /* PBXTargetDependency */ = {
			isa = PBXTargetDependency;
			target = 4CE2ECE12C49CC5700D0B97D /* PetPlatter */;
			targetProxy = 4CE2ECF42C49CC5A00D0B97D /* PBXContainerItemProxy */;
		};
		4CE2ECFF2C49CC5A00D0B97D /* PBXTargetDependency */ = {
			isa = PBXTargetDependency;
			target = 4CE2ECE12C49CC5700D0B97D /* PetPlatter */;
			targetProxy = 4CE2ECFE2C49CC5A00D0B97D /* PBXContainerItemProxy */;
		};
/* End PBXTargetDependency section */

/* Begin XCBuildConfiguration section */
		4CE2ED052C49CC5A00D0B97D /* Debug */ = {
			isa = XCBuildConfiguration;
			buildSettings = {
				ALWAYS_SEARCH_USER_PATHS = NO;
				ASSETCATALOG_COMPILER_GENERATE_SWIFT_ASSET_SYMBOL_EXTENSIONS = YES;
				CLANG_ANALYZER_NONNULL = YES;
				CLANG_ANALYZER_NUMBER_OBJECT_CONVERSION = YES_AGGRESSIVE;
				CLANG_CXX_LANGUAGE_STANDARD = "gnu++20";
				CLANG_ENABLE_MODULES = YES;
				CLANG_ENABLE_OBJC_ARC = YES;
				CLANG_ENABLE_OBJC_WEAK = YES;
				CLANG_WARN_BLOCK_CAPTURE_AUTORELEASING = YES;
				CLANG_WARN_BOOL_CONVERSION = YES;
				CLANG_WARN_COMMA = YES;
				CLANG_WARN_CONSTANT_CONVERSION = YES;
				CLANG_WARN_DEPRECATED_OBJC_IMPLEMENTATIONS = YES;
				CLANG_WARN_DIRECT_OBJC_ISA_USAGE = YES_ERROR;
				CLANG_WARN_DOCUMENTATION_COMMENTS = YES;
				CLANG_WARN_EMPTY_BODY = YES;
				CLANG_WARN_ENUM_CONVERSION = YES;
				CLANG_WARN_INFINITE_RECURSION = YES;
				CLANG_WARN_INT_CONVERSION = YES;
				CLANG_WARN_NON_LITERAL_NULL_CONVERSION = YES;
				CLANG_WARN_OBJC_IMPLICIT_RETAIN_SELF = YES;
				CLANG_WARN_OBJC_LITERAL_CONVERSION = YES;
				CLANG_WARN_OBJC_ROOT_CLASS = YES_ERROR;
				CLANG_WARN_QUOTED_INCLUDE_IN_FRAMEWORK_HEADER = YES;
				CLANG_WARN_RANGE_LOOP_ANALYSIS = YES;
				CLANG_WARN_STRICT_PROTOTYPES = YES;
				CLANG_WARN_SUSPICIOUS_MOVE = YES;
				CLANG_WARN_UNGUARDED_AVAILABILITY = YES_AGGRESSIVE;
				CLANG_WARN_UNREACHABLE_CODE = YES;
				CLANG_WARN__DUPLICATE_METHOD_MATCH = YES;
				COPY_PHASE_STRIP = NO;
				DEBUG_INFORMATION_FORMAT = dwarf;
				ENABLE_STRICT_OBJC_MSGSEND = YES;
				ENABLE_TESTABILITY = YES;
				ENABLE_USER_SCRIPT_SANDBOXING = YES;
				GCC_C_LANGUAGE_STANDARD = gnu17;
				GCC_DYNAMIC_NO_PIC = NO;
				GCC_NO_COMMON_BLOCKS = YES;
				GCC_OPTIMIZATION_LEVEL = 0;
				GCC_PREPROCESSOR_DEFINITIONS = (
					"DEBUG=1",
					"$(inherited)",
				);
				GCC_WARN_64_TO_32_BIT_CONVERSION = YES;
				GCC_WARN_ABOUT_RETURN_TYPE = YES_ERROR;
				GCC_WARN_UNDECLARED_SELECTOR = YES;
				GCC_WARN_UNINITIALIZED_AUTOS = YES_AGGRESSIVE;
				GCC_WARN_UNUSED_FUNCTION = YES;
				GCC_WARN_UNUSED_VARIABLE = YES;
				LOCALIZATION_PREFERS_STRING_CATALOGS = YES;
				MACOSX_DEPLOYMENT_TARGET = 14.5;
				MTL_ENABLE_DEBUG_INFO = INCLUDE_SOURCE;
				MTL_FAST_MATH = YES;
				ONLY_ACTIVE_ARCH = YES;
				SDKROOT = macosx;
				SWIFT_ACTIVE_COMPILATION_CONDITIONS = "DEBUG $(inherited)";
				SWIFT_OPTIMIZATION_LEVEL = "-Onone";
			};
			name = Debug;
		};
		4CE2ED062C49CC5A00D0B97D /* Release */ = {
			isa = XCBuildConfiguration;
			buildSettings = {
				ALWAYS_SEARCH_USER_PATHS = NO;
				ASSETCATALOG_COMPILER_GENERATE_SWIFT_ASSET_SYMBOL_EXTENSIONS = YES;
				CLANG_ANALYZER_NONNULL = YES;
				CLANG_ANALYZER_NUMBER_OBJECT_CONVERSION = YES_AGGRESSIVE;
				CLANG_CXX_LANGUAGE_STANDARD = "gnu++20";
				CLANG_ENABLE_MODULES = YES;
				CLANG_ENABLE_OBJC_ARC = YES;
				CLANG_ENABLE_OBJC_WEAK = YES;
				CLANG_WARN_BLOCK_CAPTURE_AUTORELEASING = YES;
				CLANG_WARN_BOOL_CONVERSION = YES;
				CLANG_WARN_COMMA = YES;
				CLANG_WARN_CONSTANT_CONVERSION = YES;
				CLANG_WARN_DEPRECATED_OBJC_IMPLEMENTATIONS = YES;
				CLANG_WARN_DIRECT_OBJC_ISA_USAGE = YES_ERROR;
				CLANG_WARN_DOCUMENTATION_COMMENTS = YES;
				CLANG_WARN_EMPTY_BODY = YES;
				CLANG_WARN_ENUM_CONVERSION = YES;
				CLANG_WARN_INFINITE_RECURSION = YES;
				CLANG_WARN_INT_CONVERSION = YES;
				CLANG_WARN_NON_LITERAL_NULL_CONVERSION = YES;
				CLANG_WARN_OBJC_IMPLICIT_RETAIN_SELF = YES;
				CLANG_WARN_OBJC_LITERAL_CONVERSION = YES;
				CLANG_WARN_OBJC_ROOT_CLASS = YES_ERROR;
				CLANG_WARN_QUOTED_INCLUDE_IN_FRAMEWORK_HEADER = YES;
				CLANG_WARN_RANGE_LOOP_ANALYSIS = YES;
				CLANG_WARN_STRICT_PROTOTYPES = YES;
				CLANG_WARN_SUSPICIOUS_MOVE = YES;
				CLANG_WARN_UNGUARDED_AVAILABILITY = YES_AGGRESSIVE;
				CLANG_WARN_UNREACHABLE_CODE = YES;
				CLANG_WARN__DUPLICATE_METHOD_MATCH = YES;
				COPY_PHASE_STRIP = NO;
				DEBUG_INFORMATION_FORMAT = "dwarf-with-dsym";
				ENABLE_NS_ASSERTIONS = NO;
				ENABLE_STRICT_OBJC_MSGSEND = YES;
				ENABLE_USER_SCRIPT_SANDBOXING = YES;
				GCC_C_LANGUAGE_STANDARD = gnu17;
				GCC_NO_COMMON_BLOCKS = YES;
				GCC_WARN_64_TO_32_BIT_CONVERSION = YES;
				GCC_WARN_ABOUT_RETURN_TYPE = YES_ERROR;
				GCC_WARN_UNDECLARED_SELECTOR = YES;
				GCC_WARN_UNINITIALIZED_AUTOS = YES_AGGRESSIVE;
				GCC_WARN_UNUSED_FUNCTION = YES;
				GCC_WARN_UNUSED_VARIABLE = YES;
				LOCALIZATION_PREFERS_STRING_CATALOGS = YES;
				MACOSX_DEPLOYMENT_TARGET = 14.5;
				MTL_ENABLE_DEBUG_INFO = NO;
				MTL_FAST_MATH = YES;
				SDKROOT = macosx;
				SWIFT_COMPILATION_MODE = wholemodule;
			};
			name = Release;
		};
		4CE2ED082C49CC5A00D0B97D /* Debug */ = {
			isa = XCBuildConfiguration;
			buildSettings = {
				ASSETCATALOG_COMPILER_APPICON_NAME = AppIcon;
				ASSETCATALOG_COMPILER_GLOBAL_ACCENT_COLOR_NAME = AccentColor;
				CODE_SIGN_ENTITLEMENTS = PetPlatter/PetPlatter.entitlements;
				CODE_SIGN_STYLE = Automatic;
				COMBINE_HIDPI_IMAGES = YES;
				CURRENT_PROJECT_VERSION = 1;
				DEVELOPMENT_ASSET_PATHS = "\"PetPlatter/Preview Content\"";
				ENABLE_PREVIEWS = YES;
				GENERATE_INFOPLIST_FILE = YES;
				INFOPLIST_KEY_NSHumanReadableCopyright = "";
				LD_RUNPATH_SEARCH_PATHS = (
					"$(inherited)",
					"@executable_path/../Frameworks",
				);
				MARKETING_VERSION = 1.0;
				PRODUCT_BUNDLE_IDENTIFIER = name.yunhaodong.PetPlatter;
				PRODUCT_NAME = "$(TARGET_NAME)";
				SWIFT_EMIT_LOC_STRINGS = YES;
				SWIFT_VERSION = 5.0;
			};
			name = Debug;
		};
		4CE2ED092C49CC5A00D0B97D /* Release */ = {
			isa = XCBuildConfiguration;
			buildSettings = {
				ASSETCATALOG_COMPILER_APPICON_NAME = AppIcon;
				ASSETCATALOG_COMPILER_GLOBAL_ACCENT_COLOR_NAME = AccentColor;
				CODE_SIGN_ENTITLEMENTS = PetPlatter/PetPlatter.entitlements;
				CODE_SIGN_STYLE = Automatic;
				COMBINE_HIDPI_IMAGES = YES;
				CURRENT_PROJECT_VERSION = 1;
				DEVELOPMENT_ASSET_PATHS = "\"PetPlatter/Preview Content\"";
				ENABLE_PREVIEWS = YES;
				GENERATE_INFOPLIST_FILE = YES;
				INFOPLIST_KEY_NSHumanReadableCopyright = "";
				LD_RUNPATH_SEARCH_PATHS = (
					"$(inherited)",
					"@executable_path/../Frameworks",
				);
				MARKETING_VERSION = 1.0;
				PRODUCT_BUNDLE_IDENTIFIER = name.yunhaodong.PetPlatter;
				PRODUCT_NAME = "$(TARGET_NAME)";
				SWIFT_EMIT_LOC_STRINGS = YES;
				SWIFT_VERSION = 5.0;
			};
			name = Release;
		};
		4CE2ED0B2C49CC5A00D0B97D /* Debug */ = {
			isa = XCBuildConfiguration;
			buildSettings = {
				ALWAYS_EMBED_SWIFT_STANDARD_LIBRARIES = YES;
				BUNDLE_LOADER = "$(TEST_HOST)";
				CODE_SIGN_STYLE = Automatic;
				CURRENT_PROJECT_VERSION = 1;
				GENERATE_INFOPLIST_FILE = YES;
				MACOSX_DEPLOYMENT_TARGET = 14.5;
				MARKETING_VERSION = 1.0;
				PRODUCT_BUNDLE_IDENTIFIER = name.yunhaodong.PetPlatterTests;
				PRODUCT_NAME = "$(TARGET_NAME)";
				SWIFT_EMIT_LOC_STRINGS = NO;
				SWIFT_VERSION = 5.0;
				TEST_HOST = "$(BUILT_PRODUCTS_DIR)/PetPlatter.app/$(BUNDLE_EXECUTABLE_FOLDER_PATH)/PetPlatter";
			};
			name = Debug;
		};
		4CE2ED0C2C49CC5A00D0B97D /* Release */ = {
			isa = XCBuildConfiguration;
			buildSettings = {
				ALWAYS_EMBED_SWIFT_STANDARD_LIBRARIES = YES;
				BUNDLE_LOADER = "$(TEST_HOST)";
				CODE_SIGN_STYLE = Automatic;
				CURRENT_PROJECT_VERSION = 1;
				GENERATE_INFOPLIST_FILE = YES;
				MACOSX_DEPLOYMENT_TARGET = 14.5;
				MARKETING_VERSION = 1.0;
				PRODUCT_BUNDLE_IDENTIFIER = name.yunhaodong.PetPlatterTests;
				PRODUCT_NAME = "$(TARGET_NAME)";
				SWIFT_EMIT_LOC_STRINGS = NO;
				SWIFT_VERSION = 5.0;
				TEST_HOST = "$(BUILT_PRODUCTS_DIR)/PetPlatter.app/$(BUNDLE_EXECUTABLE_FOLDER_PATH)/PetPlatter";
			};
			name = Release;
		};
		4CE2ED0E2C49CC5A00D0B97D /* Debug */ = {
			isa = XCBuildConfiguration;
			buildSettings = {
				ALWAYS_EMBED_SWIFT_STANDARD_LIBRARIES = YES;
				CODE_SIGN_STYLE = Automatic;
				CURRENT_PROJECT_VERSION = 1;
				GENERATE_INFOPLIST_FILE = YES;
				MARKETING_VERSION = 1.0;
				PRODUCT_BUNDLE_IDENTIFIER = name.yunhaodong.PetPlatterUITests;
				PRODUCT_NAME = "$(TARGET_NAME)";
				SWIFT_EMIT_LOC_STRINGS = NO;
				SWIFT_VERSION = 5.0;
				TEST_TARGET_NAME = PetPlatter;
			};
			name = Debug;
		};
		4CE2ED0F2C49CC5A00D0B97D /* Release */ = {
			isa = XCBuildConfiguration;
			buildSettings = {
				ALWAYS_EMBED_SWIFT_STANDARD_LIBRARIES = YES;
				CODE_SIGN_STYLE = Automatic;
				CURRENT_PROJECT_VERSION = 1;
				GENERATE_INFOPLIST_FILE = YES;
				MARKETING_VERSION = 1.0;
				PRODUCT_BUNDLE_IDENTIFIER = name.yunhaodong.PetPlatterUITests;
				PRODUCT_NAME = "$(TARGET_NAME)";
				SWIFT_EMIT_LOC_STRINGS = NO;
				SWIFT_VERSION = 5.0;
				TEST_TARGET_NAME = PetPlatter;
			};
			name = Release;
		};
/* End XCBuildConfiguration section */

/* Begin XCConfigurationList section */
		4CE2ECDD2C49CC5700D0B97D /* Build configuration list for PBXProject "PetPlatter" */ = {
			isa = XCConfigurationList;
			buildConfigurations = (
				4CE2ED052C49CC5A00D0B97D /* Debug */,
				4CE2ED062C49CC5A00D0B97D /* Release */,
			);
			defaultConfigurationIsVisible = 0;
			defaultConfigurationName = Release;
		};
		4CE2ED072C49CC5A00D0B97D /* Build configuration list for PBXNativeTarget "PetPlatter" */ = {
			isa = XCConfigurationList;
			buildConfigurations = (
				4CE2ED082C49CC5A00D0B97D /* Debug */,
				4CE2ED092C49CC5A00D0B97D /* Release */,
			);
			defaultConfigurationIsVisible = 0;
			defaultConfigurationName = Release;
		};
		4CE2ED0A2C49CC5A00D0B97D /* Build configuration list for PBXNativeTarget "PetPlatterTests" */ = {
			isa = XCConfigurationList;
			buildConfigurations = (
				4CE2ED0B2C49CC5A00D0B97D /* Debug */,
				4CE2ED0C2C49CC5A00D0B97D /* Release */,
			);
			defaultConfigurationIsVisible = 0;
			defaultConfigurationName = Release;
		};
		4CE2ED0D2C49CC5A00D0B97D /* Build configuration list for PBXNativeTarget "PetPlatterUITests" */ = {
			isa = XCConfigurationList;
			buildConfigurations = (
				4CE2ED0E2C49CC5A00D0B97D /* Debug */,
				4CE2ED0F2C49CC5A00D0B97D /* Release */,
			);
			defaultConfigurationIsVisible = 0;
			defaultConfigurationName = Release;
		};
/* End XCConfigurationList section */

/* Begin XCRemoteSwiftPackageReference section */
		4CE2ED102C4DE16300D0B97D /* XCRemoteSwiftPackageReference "Starscream" */ = {
			isa = XCRemoteSwiftPackageReference;
			repositoryURL = "https://github.com/daltoniam/Starscream.git";
			requirement = {
				kind = upToNextMajorVersion;
				minimumVersion = 4.0.8;
			};
		};
/* End XCRemoteSwiftPackageReference section */

/* Begin XCSwiftPackageProductDependency section */
		4CE2ED112C4DE16300D0B97D /* Starscream */ = {
			isa = XCSwiftPackageProductDependency;
			package = 4CE2ED102C4DE16300D0B97D /* XCRemoteSwiftPackageReference "Starscream" */;
			productName = Starscream;
		};
/* End XCSwiftPackageProductDependency section */
	};
	rootObject = 4CE2ECDA2C49CC5700D0B97D /* Project object */;
}
